// !$*UTF8*$!
{
	archiveVersion = 1;
	classes = {
	};
	objectVersion = 50;
	objects = {

/* Begin PBXBuildFile section */
		30875B98251E61B3001C0F9E /* AppDelegate.swift in Sources */ = {isa = PBXBuildFile; fileRef = 30875B97251E61B3001C0F9E /* AppDelegate.swift */; };
		30875B9A251E61B3001C0F9E /* SceneDelegate.swift in Sources */ = {isa = PBXBuildFile; fileRef = 30875B99251E61B3001C0F9E /* SceneDelegate.swift */; };
		30875B9C251E61B3001C0F9E /* ViewController.swift in Sources */ = {isa = PBXBuildFile; fileRef = 30875B9B251E61B3001C0F9E /* ViewController.swift */; };
		30875B9F251E61B3001C0F9E /* Main.storyboard in Resources */ = {isa = PBXBuildFile; fileRef = 30875B9D251E61B3001C0F9E /* Main.storyboard */; };
		30875BA1251E61B5001C0F9E /* Assets.xcassets in Resources */ = {isa = PBXBuildFile; fileRef = 30875BA0251E61B5001C0F9E /* Assets.xcassets */; };
		30875BA4251E61B5001C0F9E /* LaunchScreen.storyboard in Resources */ = {isa = PBXBuildFile; fileRef = 30875BA2251E61B5001C0F9E /* LaunchScreen.storyboard */; };
		30875BAF251E61B6001C0F9E /* OnTimeTests.swift in Sources */ = {isa = PBXBuildFile; fileRef = 30875BAE251E61B6001C0F9E /* OnTimeTests.swift */; };
		30875BBA251E61B6001C0F9E /* OnTimeUITests.swift in Sources */ = {isa = PBXBuildFile; fileRef = 30875BB9251E61B6001C0F9E /* OnTimeUITests.swift */; };
/* End PBXBuildFile section */

/* Begin PBXContainerItemProxy section */
		30875BAB251E61B6001C0F9E /* PBXContainerItemProxy */ = {
			isa = PBXContainerItemProxy;
			containerPortal = 30875B8C251E61B3001C0F9E /* Project object */;
			proxyType = 1;
			remoteGlobalIDString = 30875B93251E61B3001C0F9E;
			remoteInfo = OnTime;
		};
		30875BB6251E61B6001C0F9E /* PBXContainerItemProxy */ = {
			isa = PBXContainerItemProxy;
			containerPortal = 30875B8C251E61B3001C0F9E /* Project object */;
			proxyType = 1;
			remoteGlobalIDString = 30875B93251E61B3001C0F9E;
			remoteInfo = OnTime;
		};
/* End PBXContainerItemProxy section */

/* Begin PBXFileReference section */
		30875B94251E61B3001C0F9E /* OnTime.app */ = {isa = PBXFileReference; explicitFileType = wrapper.application; includeInIndex = 0; path = OnTime.app; sourceTree = BUILT_PRODUCTS_DIR; };
		30875B97251E61B3001C0F9E /* AppDelegate.swift */ = {isa = PBXFileReference; lastKnownFileType = sourcecode.swift; path = AppDelegate.swift; sourceTree = "<group>"; };
		30875B99251E61B3001C0F9E /* SceneDelegate.swift */ = {isa = PBXFileReference; lastKnownFileType = sourcecode.swift; path = SceneDelegate.swift; sourceTree = "<group>"; };
		30875B9B251E61B3001C0F9E /* ViewController.swift */ = {isa = PBXFileReference; lastKnownFileType = sourcecode.swift; path = ViewController.swift; sourceTree = "<group>"; };
		30875B9E251E61B3001C0F9E /* Base */ = {isa = PBXFileReference; lastKnownFileType = file.storyboard; name = Base; path = Base.lproj/Main.storyboard; sourceTree = "<group>"; };
		30875BA0251E61B5001C0F9E /* Assets.xcassets */ = {isa = PBXFileReference; lastKnownFileType = folder.assetcatalog; path = Assets.xcassets; sourceTree = "<group>"; };
		30875BA3251E61B5001C0F9E /* Base */ = {isa = PBXFileReference; lastKnownFileType = file.storyboard; name = Base; path = Base.lproj/LaunchScreen.storyboard; sourceTree = "<group>"; };
		30875BA5251E61B5001C0F9E /* Info.plist */ = {isa = PBXFileReference; lastKnownFileType = text.plist.xml; path = Info.plist; sourceTree = "<group>"; };
		30875BAA251E61B6001C0F9E /* OnTimeTests.xctest */ = {isa = PBXFileReference; explicitFileType = wrapper.cfbundle; includeInIndex = 0; path = OnTimeTests.xctest; sourceTree = BUILT_PRODUCTS_DIR; };
		30875BAE251E61B6001C0F9E /* OnTimeTests.swift */ = {isa = PBXFileReference; lastKnownFileType = sourcecode.swift; path = OnTimeTests.swift; sourceTree = "<group>"; };
		30875BB0251E61B6001C0F9E /* Info.plist */ = {isa = PBXFileReference; lastKnownFileType = text.plist.xml; path = Info.plist; sourceTree = "<group>"; };
		30875BB5251E61B6001C0F9E /* OnTimeUITests.xctest */ = {isa = PBXFileReference; explicitFileType = wrapper.cfbundle; includeInIndex = 0; path = OnTimeUITests.xctest; sourceTree = BUILT_PRODUCTS_DIR; };
		30875BB9251E61B6001C0F9E /* OnTimeUITests.swift */ = {isa = PBXFileReference; lastKnownFileType = sourcecode.swift; path = OnTimeUITests.swift; sourceTree = "<group>"; };
		30875BBB251E61B6001C0F9E /* Info.plist */ = {isa = PBXFileReference; lastKnownFileType = text.plist.xml; path = Info.plist; sourceTree = "<group>"; };
/* End PBXFileReference section */

/* Begin PBXFrameworksBuildPhase section */
		30875B91251E61B3001C0F9E /* Frameworks */ = {
			isa = PBXFrameworksBuildPhase;
			buildActionMask = 2147483647;
			files = (
			);
			runOnlyForDeploymentPostprocessing = 0;
		};
		30875BA7251E61B6001C0F9E /* Frameworks */ = {
			isa = PBXFrameworksBuildPhase;
			buildActionMask = 2147483647;
			files = (
			);
			runOnlyForDeploymentPostprocessing = 0;
		};
		30875BB2251E61B6001C0F9E /* Frameworks */ = {
			isa = PBXFrameworksBuildPhase;
			buildActionMask = 2147483647;
			files = (
			);
			runOnlyForDeploymentPostprocessing = 0;
		};
/* End PBXFrameworksBuildPhase section */

/* Begin PBXGroup section */
		30875B8B251E61B3001C0F9E = {
			isa = PBXGroup;
			children = (
				30875B96251E61B3001C0F9E /* OnTime */,
				30875BAD251E61B6001C0F9E /* OnTimeTests */,
				30875BB8251E61B6001C0F9E /* OnTimeUITests */,
				30875B95251E61B3001C0F9E /* Products */,
			);
			sourceTree = "<group>";
		};
		30875B95251E61B3001C0F9E /* Products */ = {
			isa = PBXGroup;
			children = (
				30875B94251E61B3001C0F9E /* OnTime.app */,
				30875BAA251E61B6001C0F9E /* OnTimeTests.xctest */,
				30875BB5251E61B6001C0F9E /* OnTimeUITests.xctest */,
			);
			name = Products;
			sourceTree = "<group>";
		};
		30875B96251E61B3001C0F9E /* OnTime */ = {
			isa = PBXGroup;
			children = (
				30875B97251E61B3001C0F9E /* AppDelegate.swift */,
				30875B99251E61B3001C0F9E /* SceneDelegate.swift */,
				30875B9B251E61B3001C0F9E /* ViewController.swift */,
				30875B9D251E61B3001C0F9E /* Main.storyboard */,
				30875BA0251E61B5001C0F9E /* Assets.xcassets */,
				30875BA2251E61B5001C0F9E /* LaunchScreen.storyboard */,
				30875BA5251E61B5001C0F9E /* Info.plist */,
			);
			path = OnTime;
			sourceTree = "<group>";
		};
		30875BAD251E61B6001C0F9E /* OnTimeTests */ = {
			isa = PBXGroup;
			children = (
				30875BAE251E61B6001C0F9E /* OnTimeTests.swift */,
				30875BB0251E61B6001C0F9E /* Info.plist */,
			);
			path = OnTimeTests;
			sourceTree = "<group>";
		};
		30875BB8251E61B6001C0F9E /* OnTimeUITests */ = {
			isa = PBXGroup;
			children = (
				30875BB9251E61B6001C0F9E /* OnTimeUITests.swift */,
				30875BBB251E61B6001C0F9E /* Info.plist */,
			);
			path = OnTimeUITests;
			sourceTree = "<group>";
		};
/* End PBXGroup section */

/* Begin PBXNativeTarget section */
		30875B93251E61B3001C0F9E /* OnTime */ = {
			isa = PBXNativeTarget;
			buildConfigurationList = 30875BBE251E61B6001C0F9E /* Build configuration list for PBXNativeTarget "OnTime" */;
			buildPhases = (
				30875B90251E61B3001C0F9E /* Sources */,
				30875B91251E61B3001C0F9E /* Frameworks */,
				30875B92251E61B3001C0F9E /* Resources */,
			);
			buildRules = (
			);
			dependencies = (
			);
			name = OnTime;
			productName = OnTime;
			productReference = 30875B94251E61B3001C0F9E /* OnTime.app */;
			productType = "com.apple.product-type.application";
		};
		30875BA9251E61B6001C0F9E /* OnTimeTests */ = {
			isa = PBXNativeTarget;
			buildConfigurationList = 30875BC1251E61B6001C0F9E /* Build configuration list for PBXNativeTarget "OnTimeTests" */;
			buildPhases = (
				30875BA6251E61B6001C0F9E /* Sources */,
				30875BA7251E61B6001C0F9E /* Frameworks */,
				30875BA8251E61B6001C0F9E /* Resources */,
			);
			buildRules = (
			);
			dependencies = (
				30875BAC251E61B6001C0F9E /* PBXTargetDependency */,
			);
			name = OnTimeTests;
			productName = OnTimeTests;
			productReference = 30875BAA251E61B6001C0F9E /* OnTimeTests.xctest */;
			productType = "com.apple.product-type.bundle.unit-test";
		};
		30875BB4251E61B6001C0F9E /* OnTimeUITests */ = {
			isa = PBXNativeTarget;
			buildConfigurationList = 30875BC4251E61B6001C0F9E /* Build configuration list for PBXNativeTarget "OnTimeUITests" */;
			buildPhases = (
				30875BB1251E61B6001C0F9E /* Sources */,
				30875BB2251E61B6001C0F9E /* Frameworks */,
				30875BB3251E61B6001C0F9E /* Resources */,
			);
			buildRules = (
			);
			dependencies = (
				30875BB7251E61B6001C0F9E /* PBXTargetDependency */,
			);
			name = OnTimeUITests;
			productName = OnTimeUITests;
			productReference = 30875BB5251E61B6001C0F9E /* OnTimeUITests.xctest */;
			productType = "com.apple.product-type.bundle.ui-testing";
		};
/* End PBXNativeTarget section */

/* Begin PBXProject section */
		30875B8C251E61B3001C0F9E /* Project object */ = {
			isa = PBXProject;
			attributes = {
				LastSwiftUpdateCheck = 1200;
				LastUpgradeCheck = 1200;
				TargetAttributes = {
					30875B93251E61B3001C0F9E = {
						CreatedOnToolsVersion = 12.0.1;
					};
					30875BA9251E61B6001C0F9E = {
						CreatedOnToolsVersion = 12.0.1;
						TestTargetID = 30875B93251E61B3001C0F9E;
					};
					30875BB4251E61B6001C0F9E = {
						CreatedOnToolsVersion = 12.0.1;
						TestTargetID = 30875B93251E61B3001C0F9E;
					};
				};
			};
			buildConfigurationList = 30875B8F251E61B3001C0F9E /* Build configuration list for PBXProject "OnTime" */;
			compatibilityVersion = "Xcode 9.3";
			developmentRegion = en;
			hasScannedForEncodings = 0;
			knownRegions = (
				en,
				Base,
			);
			mainGroup = 30875B8B251E61B3001C0F9E;
			productRefGroup = 30875B95251E61B3001C0F9E /* Products */;
			projectDirPath = "";
			projectRoot = "";
			targets = (
				30875B93251E61B3001C0F9E /* OnTime */,
				30875BA9251E61B6001C0F9E /* OnTimeTests */,
				30875BB4251E61B6001C0F9E /* OnTimeUITests */,
			);
		};
/* End PBXProject section */

/* Begin PBXResourcesBuildPhase section */
		30875B92251E61B3001C0F9E /* Resources */ = {
			isa = PBXResourcesBuildPhase;
			buildActionMask = 2147483647;
			files = (
				30875BA4251E61B5001C0F9E /* LaunchScreen.storyboard in Resources */,
				30875BA1251E61B5001C0F9E /* Assets.xcassets in Resources */,
				30875B9F251E61B3001C0F9E /* Main.storyboard in Resources */,
			);
			runOnlyForDeploymentPostprocessing = 0;
		};
		30875BA8251E61B6001C0F9E /* Resources */ = {
			isa = PBXResourcesBuildPhase;
			buildActionMask = 2147483647;
			files = (
			);
			runOnlyForDeploymentPostprocessing = 0;
		};
		30875BB3251E61B6001C0F9E /* Resources */ = {
			isa = PBXResourcesBuildPhase;
			buildActionMask = 2147483647;
			files = (
			);
			runOnlyForDeploymentPostprocessing = 0;
		};
/* End PBXResourcesBuildPhase section */

/* Begin PBXSourcesBuildPhase section */
		30875B90251E61B3001C0F9E /* Sources */ = {
			isa = PBXSourcesBuildPhase;
			buildActionMask = 2147483647;
			files = (
				30875B9C251E61B3001C0F9E /* ViewController.swift in Sources */,
				30875B98251E61B3001C0F9E /* AppDelegate.swift in Sources */,
				30875B9A251E61B3001C0F9E /* SceneDelegate.swift in Sources */,
			);
			runOnlyForDeploymentPostprocessing = 0;
		};
		30875BA6251E61B6001C0F9E /* Sources */ = {
			isa = PBXSourcesBuildPhase;
			buildActionMask = 2147483647;
			files = (
				30875BAF251E61B6001C0F9E /* OnTimeTests.swift in Sources */,
			);
			runOnlyForDeploymentPostprocessing = 0;
		};
		30875BB1251E61B6001C0F9E /* Sources */ = {
			isa = PBXSourcesBuildPhase;
			buildActionMask = 2147483647;
			files = (
				30875BBA251E61B6001C0F9E /* OnTimeUITests.swift in Sources */,
			);
			runOnlyForDeploymentPostprocessing = 0;
		};
/* End PBXSourcesBuildPhase section */

/* Begin PBXTargetDependency section */
		30875BAC251E61B6001C0F9E /* PBXTargetDependency */ = {
			isa = PBXTargetDependency;
			target = 30875B93251E61B3001C0F9E /* OnTime */;
			targetProxy = 30875BAB251E61B6001C0F9E /* PBXContainerItemProxy */;
		};
		30875BB7251E61B6001C0F9E /* PBXTargetDependency */ = {
			isa = PBXTargetDependency;
			target = 30875B93251E61B3001C0F9E /* OnTime */;
			targetProxy = 30875BB6251E61B6001C0F9E /* PBXContainerItemProxy */;
		};
/* End PBXTargetDependency section */

/* Begin PBXVariantGroup section */
		30875B9D251E61B3001C0F9E /* Main.storyboard */ = {
			isa = PBXVariantGroup;
			children = (
				30875B9E251E61B3001C0F9E /* Base */,
			);
			name = Main.storyboard;
			sourceTree = "<group>";
		};
		30875BA2251E61B5001C0F9E /* LaunchScreen.storyboard */ = {
			isa = PBXVariantGroup;
			children = (
				30875BA3251E61B5001C0F9E /* Base */,
			);
			name = LaunchScreen.storyboard;
			sourceTree = "<group>";
		};
/* End PBXVariantGroup section */

/* Begin XCBuildConfiguration section */
		30875BBC251E61B6001C0F9E /* Debug */ = {
			isa = XCBuildConfiguration;
			buildSettings = {
				ALWAYS_SEARCH_USER_PATHS = NO;
				CLANG_ANALYZER_NONNULL = YES;
				CLANG_ANALYZER_NUMBER_OBJECT_CONVERSION = YES_AGGRESSIVE;
				CLANG_CXX_LANGUAGE_STANDARD = "gnu++14";
				CLANG_CXX_LIBRARY = "libc++";
				CLANG_ENABLE_MODULES = YES;
				CLANG_ENABLE_OBJC_ARC = YES;
				CLANG_ENABLE_OBJC_WEAK = YES;
				CLANG_WARN_BLOCK_CAPTURE_AUTORELEASING = YES;
				CLANG_WARN_BOOL_CONVERSION = YES;
				CLANG_WARN_COMMA = YES;
				CLANG_WARN_CONSTANT_CONVERSION = YES;
				CLANG_WARN_DEPRECATED_OBJC_IMPLEMENTATIONS = YES;
				CLANG_WARN_DIRECT_OBJC_ISA_USAGE = YES_ERROR;
				CLANG_WARN_DOCUMENTATION_COMMENTS = YES;
				CLANG_WARN_EMPTY_BODY = YES;
				CLANG_WARN_ENUM_CONVERSION = YES;
				CLANG_WARN_INFINITE_RECURSION = YES;
				CLANG_WARN_INT_CONVERSION = YES;
				CLANG_WARN_NON_LITERAL_NULL_CONVERSION = YES;
				CLANG_WARN_OBJC_IMPLICIT_RETAIN_SELF = YES;
				CLANG_WARN_OBJC_LITERAL_CONVERSION = YES;
				CLANG_WARN_OBJC_ROOT_CLASS = YES_ERROR;
				CLANG_WARN_QUOTED_INCLUDE_IN_FRAMEWORK_HEADER = YES;
				CLANG_WARN_RANGE_LOOP_ANALYSIS = YES;
				CLANG_WARN_STRICT_PROTOTYPES = YES;
				CLANG_WARN_SUSPICIOUS_MOVE = YES;
				CLANG_WARN_UNGUARDED_AVAILABILITY = YES_AGGRESSIVE;
				CLANG_WARN_UNREACHABLE_CODE = YES;
				CLANG_WARN__DUPLICATE_METHOD_MATCH = YES;
				COPY_PHASE_STRIP = NO;
				DEBUG_INFORMATION_FORMAT = dwarf;
				ENABLE_STRICT_OBJC_MSGSEND = YES;
				ENABLE_TESTABILITY = YES;
				GCC_C_LANGUAGE_STANDARD = gnu11;
				GCC_DYNAMIC_NO_PIC = NO;
				GCC_NO_COMMON_BLOCKS = YES;
				GCC_OPTIMIZATION_LEVEL = 0;
				GCC_PREPROCESSOR_DEFINITIONS = (
					"DEBUG=1",
					"$(inherited)",
				);
				GCC_WARN_64_TO_32_BIT_CONVERSION = YES;
				GCC_WARN_ABOUT_RETURN_TYPE = YES_ERROR;
				GCC_WARN_UNDECLARED_SELECTOR = YES;
				GCC_WARN_UNINITIALIZED_AUTOS = YES_AGGRESSIVE;
				GCC_WARN_UNUSED_FUNCTION = YES;
				GCC_WARN_UNUSED_VARIABLE = YES;
				IPHONEOS_DEPLOYMENT_TARGET = 14.0;
				MTL_ENABLE_DEBUG_INFO = INCLUDE_SOURCE;
				MTL_FAST_MATH = YES;
				ONLY_ACTIVE_ARCH = YES;
				SDKROOT = iphoneos;
				SWIFT_ACTIVE_COMPILATION_CONDITIONS = DEBUG;
				SWIFT_OPTIMIZATION_LEVEL = "-Onone";
			};
			name = Debug;
		};
		30875BBD251E61B6001C0F9E /* Release */ = {
			isa = XCBuildConfiguration;
			buildSettings = {
				ALWAYS_SEARCH_USER_PATHS = NO;
				CLANG_ANALYZER_NONNULL = YES;
				CLANG_ANALYZER_NUMBER_OBJECT_CONVERSION = YES_AGGRESSIVE;
				CLANG_CXX_LANGUAGE_STANDARD = "gnu++14";
				CLANG_CXX_LIBRARY = "libc++";
				CLANG_ENABLE_MODULES = YES;
				CLANG_ENABLE_OBJC_ARC = YES;
				CLANG_ENABLE_OBJC_WEAK = YES;
				CLANG_WARN_BLOCK_CAPTURE_AUTORELEASING = YES;
				CLANG_WARN_BOOL_CONVERSION = YES;
				CLANG_WARN_COMMA = YES;
				CLANG_WARN_CONSTANT_CONVERSION = YES;
				CLANG_WARN_DEPRECATED_OBJC_IMPLEMENTATIONS = YES;
				CLANG_WARN_DIRECT_OBJC_ISA_USAGE = YES_ERROR;
				CLANG_WARN_DOCUMENTATION_COMMENTS = YES;
				CLANG_WARN_EMPTY_BODY = YES;
				CLANG_WARN_ENUM_CONVERSION = YES;
				CLANG_WARN_INFINITE_RECURSION = YES;
				CLANG_WARN_INT_CONVERSION = YES;
				CLANG_WARN_NON_LITERAL_NULL_CONVERSION = YES;
				CLANG_WARN_OBJC_IMPLICIT_RETAIN_SELF = YES;
				CLANG_WARN_OBJC_LITERAL_CONVERSION = YES;
				CLANG_WARN_OBJC_ROOT_CLASS = YES_ERROR;
				CLANG_WARN_QUOTED_INCLUDE_IN_FRAMEWORK_HEADER = YES;
				CLANG_WARN_RANGE_LOOP_ANALYSIS = YES;
				CLANG_WARN_STRICT_PROTOTYPES = YES;
				CLANG_WARN_SUSPICIOUS_MOVE = YES;
				CLANG_WARN_UNGUARDED_AVAILABILITY = YES_AGGRESSIVE;
				CLANG_WARN_UNREACHABLE_CODE = YES;
				CLANG_WARN__DUPLICATE_METHOD_MATCH = YES;
				COPY_PHASE_STRIP = NO;
				DEBUG_INFORMATION_FORMAT = "dwarf-with-dsym";
				ENABLE_NS_ASSERTIONS = NO;
				ENABLE_STRICT_OBJC_MSGSEND = YES;
				GCC_C_LANGUAGE_STANDARD = gnu11;
				GCC_NO_COMMON_BLOCKS = YES;
				GCC_WARN_64_TO_32_BIT_CONVERSION = YES;
				GCC_WARN_ABOUT_RETURN_TYPE = YES_ERROR;
				GCC_WARN_UNDECLARED_SELECTOR = YES;
				GCC_WARN_UNINITIALIZED_AUTOS = YES_AGGRESSIVE;
				GCC_WARN_UNUSED_FUNCTION = YES;
				GCC_WARN_UNUSED_VARIABLE = YES;
				IPHONEOS_DEPLOYMENT_TARGET = 14.0;
				MTL_ENABLE_DEBUG_INFO = NO;
				MTL_FAST_MATH = YES;
				SDKROOT = iphoneos;
				SWIFT_COMPILATION_MODE = wholemodule;
				SWIFT_OPTIMIZATION_LEVEL = "-O";
				VALIDATE_PRODUCT = YES;
			};
			name = Release;
		};
		30875BBF251E61B6001C0F9E /* Debug */ = {
			isa = XCBuildConfiguration;
			buildSettings = {
				ASSETCATALOG_COMPILER_APPICON_NAME = AppIcon;
				ASSETCATALOG_COMPILER_GLOBAL_ACCENT_COLOR_NAME = AccentColor;
				CODE_SIGN_STYLE = Automatic;
				DEVELOPMENT_TEAM = L5Q7CW5F4C;
				INFOPLIST_FILE = OnTime/Info.plist;
				LD_RUNPATH_SEARCH_PATHS = (
					"$(inherited)",
					"@executable_path/Frameworks",
				);
				PRODUCT_BUNDLE_IDENTIFIER = app.olivs.OnTime;
				PRODUCT_NAME = "$(TARGET_NAME)";
				SWIFT_VERSION = 5.0;
				TARGETED_DEVICE_FAMILY = "1,2";
			};
			name = Debug;
		};
		30875BC0251E61B6001C0F9E /* Release */ = {
			isa = XCBuildConfiguration;
			buildSettings = {
				ASSETCATALOG_COMPILER_APPICON_NAME = AppIcon;
				ASSETCATALOG_COMPILER_GLOBAL_ACCENT_COLOR_NAME = AccentColor;
				CODE_SIGN_STYLE = Automatic;
				DEVELOPMENT_TEAM = L5Q7CW5F4C;
				INFOPLIST_FILE = OnTime/Info.plist;
				LD_RUNPATH_SEARCH_PATHS = (
					"$(inherited)",
					"@executable_path/Frameworks",
				);
				PRODUCT_BUNDLE_IDENTIFIER = app.olivs.OnTime;
				PRODUCT_NAME = "$(TARGET_NAME)";
				SWIFT_VERSION = 5.0;
				TARGETED_DEVICE_FAMILY = "1,2";
			};
			name = Release;
		};
		30875BC2251E61B6001C0F9E /* Debug */ = {
			isa = XCBuildConfiguration;
			buildSettings = {
				ALWAYS_EMBED_SWIFT_STANDARD_LIBRARIES = YES;
				BUNDLE_LOADER = "$(TEST_HOST)";
				CODE_SIGN_STYLE = Automatic;
				DEVELOPMENT_TEAM = L5Q7CW5F4C;
				INFOPLIST_FILE = OnTimeTests/Info.plist;
				IPHONEOS_DEPLOYMENT_TARGET = 14.0;
				LD_RUNPATH_SEARCH_PATHS = (
					"$(inherited)",
					"@executable_path/Frameworks",
					"@loader_path/Frameworks",
				);
				PRODUCT_BUNDLE_IDENTIFIER = app.olivs.OnTimeTests;
				PRODUCT_NAME = "$(TARGET_NAME)";
				SWIFT_VERSION = 5.0;
				TARGETED_DEVICE_FAMILY = "1,2";
				TEST_HOST = "$(BUILT_PRODUCTS_DIR)/OnTime.app/OnTime";
			};
			name = Debug;
		};
		30875BC3251E61B6001C0F9E /* Release */ = {
			isa = XCBuildConfiguration;
			buildSettings = {
				ALWAYS_EMBED_SWIFT_STANDARD_LIBRARIES = YES;
				BUNDLE_LOADER = "$(TEST_HOST)";
				CODE_SIGN_STYLE = Automatic;
				DEVELOPMENT_TEAM = L5Q7CW5F4C;
				INFOPLIST_FILE = OnTimeTests/Info.plist;
				IPHONEOS_DEPLOYMENT_TARGET = 14.0;
				LD_RUNPATH_SEARCH_PATHS = (
					"$(inherited)",
					"@executable_path/Frameworks",
					"@loader_path/Frameworks",
				);
				PRODUCT_BUNDLE_IDENTIFIER = app.olivs.OnTimeTests;
				PRODUCT_NAME = "$(TARGET_NAME)";
				SWIFT_VERSION = 5.0;
				TARGETED_DEVICE_FAMILY = "1,2";
				TEST_HOST = "$(BUILT_PRODUCTS_DIR)/OnTime.app/OnTime";
			};
			name = Release;
		};
		30875BC5251E61B6001C0F9E /* Debug */ = {
			isa = XCBuildConfiguration;
			buildSettings = {
				ALWAYS_EMBED_SWIFT_STANDARD_LIBRARIES = YES;
				CODE_SIGN_STYLE = Automatic;
				DEVELOPMENT_TEAM = L5Q7CW5F4C;
				INFOPLIST_FILE = OnTimeUITests/Info.plist;
				LD_RUNPATH_SEARCH_PATHS = (
					"$(inherited)",
					"@executable_path/Frameworks",
					"@loader_path/Frameworks",
				);
				PRODUCT_BUNDLE_IDENTIFIER = app.olivs.OnTimeUITests;
				PRODUCT_NAME = "$(TARGET_NAME)";
				SWIFT_VERSION = 5.0;
				TARGETED_DEVICE_FAMILY = "1,2";
				TEST_TARGET_NAME = OnTime;
			};
			name = Debug;
		};
		30875BC6251E61B6001C0F9E /* Release */ = {
			isa = XCBuildConfiguration;
			buildSettings = {
				ALWAYS_EMBED_SWIFT_STANDARD_LIBRARIES = YES;
				CODE_SIGN_STYLE = Automatic;
				DEVELOPMENT_TEAM = L5Q7CW5F4C;
				INFOPLIST_FILE = OnTimeUITests/Info.plist;
				LD_RUNPATH_SEARCH_PATHS = (
					"$(inherited)",
					"@executable_path/Frameworks",
					"@loader_path/Frameworks",
				);
				PRODUCT_BUNDLE_IDENTIFIER = app.olivs.OnTimeUITests;
				PRODUCT_NAME = "$(TARGET_NAME)";
				SWIFT_VERSION = 5.0;
				TARGETED_DEVICE_FAMILY = "1,2";
				TEST_TARGET_NAME = OnTime;
			};
			name = Release;
		};
/* End XCBuildConfiguration section */

/* Begin XCConfigurationList section */
		30875B8F251E61B3001C0F9E /* Build configuration list for PBXProject "OnTime" */ = {
			isa = XCConfigurationList;
			buildConfigurations = (
				30875BBC251E61B6001C0F9E /* Debug */,
				30875BBD251E61B6001C0F9E /* Release */,
			);
			defaultConfigurationIsVisible = 0;
			defaultConfigurationName = Release;
		};
		30875BBE251E61B6001C0F9E /* Build configuration list for PBXNativeTarget "OnTime" */ = {
			isa = XCConfigurationList;
			buildConfigurations = (
				30875BBF251E61B6001C0F9E /* Debug */,
				30875BC0251E61B6001C0F9E /* Release */,
			);
			defaultConfigurationIsVisible = 0;
			defaultConfigurationName = Release;
		};
		30875BC1251E61B6001C0F9E /* Build configuration list for PBXNativeTarget "OnTimeTests" */ = {
			isa = XCConfigurationList;
			buildConfigurations = (
				30875BC2251E61B6001C0F9E /* Debug */,
				30875BC3251E61B6001C0F9E /* Release */,
			);
			defaultConfigurationIsVisible = 0;
			defaultConfigurationName = Release;
		};
		30875BC4251E61B6001C0F9E /* Build configuration list for PBXNativeTarget "OnTimeUITests" */ = {
			isa = XCConfigurationList;
			buildConfigurations = (
				30875BC5251E61B6001C0F9E /* Debug */,
				30875BC6251E61B6001C0F9E /* Release */,
			);
			defaultConfigurationIsVisible = 0;
			defaultConfigurationName = Release;
		};
/* End XCConfigurationList section */
	};
	rootObject = 30875B8C251E61B3001C0F9E /* Project object */;
}
