// !$*UTF8*$!
{
	archiveVersion = 1;
	classes = {
	};
	objectVersion = 51;
	objects = {

/* Begin PBXBuildFile section */
		3024544A2557D4A60022294E /* ColorlessButton.swift in Sources */ = {isa = PBXBuildFile; fileRef = 302454492557D4A50022294E /* ColorlessButton.swift */; };
		3039C6A525C0A041005BA59E /* Olivs-Info.plist in Resources */ = {isa = PBXBuildFile; fileRef = 3039C6A425C0A041005BA59E /* Olivs-Info.plist */; };
		30875B98251E61B3001C0F9E /* AppDelegate.swift in Sources */ = {isa = PBXBuildFile; fileRef = 30875B97251E61B3001C0F9E /* AppDelegate.swift */; };
		30875B9A251E61B3001C0F9E /* SceneDelegate.swift in Sources */ = {isa = PBXBuildFile; fileRef = 30875B99251E61B3001C0F9E /* SceneDelegate.swift */; };
		30875B9F251E61B3001C0F9E /* Main.storyboard in Resources */ = {isa = PBXBuildFile; fileRef = 30875B9D251E61B3001C0F9E /* Main.storyboard */; };
		30875BA1251E61B5001C0F9E /* Assets.xcassets in Resources */ = {isa = PBXBuildFile; fileRef = 30875BA0251E61B5001C0F9E /* Assets.xcassets */; };
		30875BA4251E61B5001C0F9E /* LaunchScreen.storyboard in Resources */ = {isa = PBXBuildFile; fileRef = 30875BA2251E61B5001C0F9E /* LaunchScreen.storyboard */; };
		30875BAF251E61B6001C0F9E /* OnTimeTests.swift in Sources */ = {isa = PBXBuildFile; fileRef = 30875BAE251E61B6001C0F9E /* OnTimeTests.swift */; };
		30875BBA251E61B6001C0F9E /* OnTimeUITests.swift in Sources */ = {isa = PBXBuildFile; fileRef = 30875BB9251E61B6001C0F9E /* OnTimeUITests.swift */; };
		30D4CEAC25AF4D750059D5F7 /* LoginTextField.swift in Sources */ = {isa = PBXBuildFile; fileRef = 30D4CEAB25AF4D750059D5F7 /* LoginTextField.swift */; };
		30E03639251E62CB00ECD58A /* libsqlite3.tbd in Frameworks */ = {isa = PBXBuildFile; fileRef = 30E03638251E62BE00ECD58A /* libsqlite3.tbd */; };
		30E03644251E6BB200ECD58A /* SQLHelper.swift in Sources */ = {isa = PBXBuildFile; fileRef = 30E03643251E6BB200ECD58A /* SQLHelper.swift */; };
		30E0364C251E6BEE00ECD58A /* CheckInInfo.swift in Sources */ = {isa = PBXBuildFile; fileRef = 30E0364B251E6BEE00ECD58A /* CheckInInfo.swift */; };
		30E03651251E6CAB00ECD58A /* FilesListService.swift in Sources */ = {isa = PBXBuildFile; fileRef = 30E03650251E6CAB00ECD58A /* FilesListService.swift */; };
		30E03656251E6CCF00ECD58A /* LoginService.swift in Sources */ = {isa = PBXBuildFile; fileRef = 30E03655251E6CCF00ECD58A /* LoginService.swift */; };
		30E0365B251E6CDF00ECD58A /* CheckInService.swift in Sources */ = {isa = PBXBuildFile; fileRef = 30E0365A251E6CDF00ECD58A /* CheckInService.swift */; };
		30E03660251E6D1E00ECD58A /* Constants.swift in Sources */ = {isa = PBXBuildFile; fileRef = 30E0365F251E6D1D00ECD58A /* Constants.swift */; };
		30E03665251E6F5A00ECD58A /* Utilities.swift in Sources */ = {isa = PBXBuildFile; fileRef = 30E03664251E6F5A00ECD58A /* Utilities.swift */; };
		30E0367C251E717100ECD58A /* OurLogoAndInfo.swift in Sources */ = {isa = PBXBuildFile; fileRef = 30E0367B251E717100ECD58A /* OurLogoAndInfo.swift */; };
		30E03684251E720000ECD58A /* OurLogoAndInfo.xib in Resources */ = {isa = PBXBuildFile; fileRef = 30E03683251E720000ECD58A /* OurLogoAndInfo.xib */; };
		30E03689251E722900ECD58A /* LoginViewController.swift in Sources */ = {isa = PBXBuildFile; fileRef = 30E03688251E722900ECD58A /* LoginViewController.swift */; };
		30E03691251E729200ECD58A /* SettingsViewController.swift in Sources */ = {isa = PBXBuildFile; fileRef = 30E0368D251E729200ECD58A /* SettingsViewController.swift */; };
		30E03692251E729200ECD58A /* CheckInViewController.swift in Sources */ = {isa = PBXBuildFile; fileRef = 30E0368E251E729200ECD58A /* CheckInViewController.swift */; };
		30E03693251E729200ECD58A /* RecordsViewController.swift in Sources */ = {isa = PBXBuildFile; fileRef = 30E0368F251E729200ECD58A /* RecordsViewController.swift */; };
		30E03694251E729200ECD58A /* BusinessFileViewController.swift in Sources */ = {isa = PBXBuildFile; fileRef = 30E03690251E729200ECD58A /* BusinessFileViewController.swift */; };
		30E178F925C595C70086DD47 /* DelegateNavigationController.swift in Sources */ = {isa = PBXBuildFile; fileRef = 30E178F825C595C70086DD47 /* DelegateNavigationController.swift */; };
		47D8E180A60AE7995BEEB012 /* Pods_OnTime_OnTimeUITests.framework in Frameworks */ = {isa = PBXBuildFile; fileRef = 4399BAB563CCB3B72EC25412 /* Pods_OnTime_OnTimeUITests.framework */; };
		E0D9A478D1EF01687247CA3E /* Pods_OnTime.framework in Frameworks */ = {isa = PBXBuildFile; fileRef = 1D836BB14C279734DABF9170 /* Pods_OnTime.framework */; };
		F9BE4F4126CD34346DF399EA /* Pods_OnTimeTests.framework in Frameworks */ = {isa = PBXBuildFile; fileRef = 60517A18538E4F8A3B6F23EF /* Pods_OnTimeTests.framework */; };
/* End PBXBuildFile section */

/* Begin PBXContainerItemProxy section */
		30875BAB251E61B6001C0F9E /* PBXContainerItemProxy */ = {
			isa = PBXContainerItemProxy;
			containerPortal = 30875B8C251E61B3001C0F9E /* Project object */;
			proxyType = 1;
			remoteGlobalIDString = 30875B93251E61B3001C0F9E;
			remoteInfo = OnTime;
		};
		30875BB6251E61B6001C0F9E /* PBXContainerItemProxy */ = {
			isa = PBXContainerItemProxy;
			containerPortal = 30875B8C251E61B3001C0F9E /* Project object */;
			proxyType = 1;
			remoteGlobalIDString = 30875B93251E61B3001C0F9E;
			remoteInfo = OnTime;
		};
/* End PBXContainerItemProxy section */

/* Begin PBXFileReference section */
		1D836BB14C279734DABF9170 /* Pods_OnTime.framework */ = {isa = PBXFileReference; explicitFileType = wrapper.framework; includeInIndex = 0; path = Pods_OnTime.framework; sourceTree = BUILT_PRODUCTS_DIR; };
		302454492557D4A50022294E /* ColorlessButton.swift */ = {isa = PBXFileReference; lastKnownFileType = sourcecode.swift; path = ColorlessButton.swift; sourceTree = "<group>"; };
		3039C6A425C0A041005BA59E /* Olivs-Info.plist */ = {isa = PBXFileReference; lastKnownFileType = text.plist.xml; path = "Olivs-Info.plist"; sourceTree = "<group>"; };
		30875B94251E61B3001C0F9E /* OnTime.app */ = {isa = PBXFileReference; explicitFileType = wrapper.application; includeInIndex = 0; path = OnTime.app; sourceTree = BUILT_PRODUCTS_DIR; };
		30875B97251E61B3001C0F9E /* AppDelegate.swift */ = {isa = PBXFileReference; lastKnownFileType = sourcecode.swift; path = AppDelegate.swift; sourceTree = "<group>"; };
		30875B99251E61B3001C0F9E /* SceneDelegate.swift */ = {isa = PBXFileReference; lastKnownFileType = sourcecode.swift; path = SceneDelegate.swift; sourceTree = "<group>"; };
		30875B9E251E61B3001C0F9E /* Base */ = {isa = PBXFileReference; lastKnownFileType = file.storyboard; name = Base; path = Base.lproj/Main.storyboard; sourceTree = "<group>"; };
		30875BA0251E61B5001C0F9E /* Assets.xcassets */ = {isa = PBXFileReference; lastKnownFileType = folder.assetcatalog; path = Assets.xcassets; sourceTree = "<group>"; };
		30875BA3251E61B5001C0F9E /* Base */ = {isa = PBXFileReference; lastKnownFileType = file.storyboard; name = Base; path = Base.lproj/LaunchScreen.storyboard; sourceTree = "<group>"; };
		30875BA5251E61B5001C0F9E /* Info.plist */ = {isa = PBXFileReference; lastKnownFileType = text.plist.xml; path = Info.plist; sourceTree = "<group>"; };
		30875BAA251E61B6001C0F9E /* OnTimeTests.xctest */ = {isa = PBXFileReference; explicitFileType = wrapper.cfbundle; includeInIndex = 0; path = OnTimeTests.xctest; sourceTree = BUILT_PRODUCTS_DIR; };
		30875BAE251E61B6001C0F9E /* OnTimeTests.swift */ = {isa = PBXFileReference; lastKnownFileType = sourcecode.swift; path = OnTimeTests.swift; sourceTree = "<group>"; };
		30875BB0251E61B6001C0F9E /* Info.plist */ = {isa = PBXFileReference; lastKnownFileType = text.plist.xml; path = Info.plist; sourceTree = "<group>"; };
		30875BB5251E61B6001C0F9E /* OnTimeUITests.xctest */ = {isa = PBXFileReference; explicitFileType = wrapper.cfbundle; includeInIndex = 0; path = OnTimeUITests.xctest; sourceTree = BUILT_PRODUCTS_DIR; };
		30875BB9251E61B6001C0F9E /* OnTimeUITests.swift */ = {isa = PBXFileReference; lastKnownFileType = sourcecode.swift; path = OnTimeUITests.swift; sourceTree = "<group>"; };
		30875BBB251E61B6001C0F9E /* Info.plist */ = {isa = PBXFileReference; lastKnownFileType = text.plist.xml; path = Info.plist; sourceTree = "<group>"; };
		30D4CEAB25AF4D750059D5F7 /* LoginTextField.swift */ = {isa = PBXFileReference; lastKnownFileType = sourcecode.swift; path = LoginTextField.swift; sourceTree = "<group>"; };
		30E03638251E62BE00ECD58A /* libsqlite3.tbd */ = {isa = PBXFileReference; lastKnownFileType = "sourcecode.text-based-dylib-definition"; name = libsqlite3.tbd; path = usr/lib/libsqlite3.tbd; sourceTree = SDKROOT; };
		30E03643251E6BB200ECD58A /* SQLHelper.swift */ = {isa = PBXFileReference; lastKnownFileType = sourcecode.swift; path = SQLHelper.swift; sourceTree = "<group>"; };
		30E0364B251E6BEE00ECD58A /* CheckInInfo.swift */ = {isa = PBXFileReference; lastKnownFileType = sourcecode.swift; path = CheckInInfo.swift; sourceTree = "<group>"; };
		30E03650251E6CAB00ECD58A /* FilesListService.swift */ = {isa = PBXFileReference; lastKnownFileType = sourcecode.swift; path = FilesListService.swift; sourceTree = "<group>"; };
		30E03655251E6CCF00ECD58A /* LoginService.swift */ = {isa = PBXFileReference; lastKnownFileType = sourcecode.swift; path = LoginService.swift; sourceTree = "<group>"; };
		30E0365A251E6CDF00ECD58A /* CheckInService.swift */ = {isa = PBXFileReference; lastKnownFileType = sourcecode.swift; path = CheckInService.swift; sourceTree = "<group>"; };
		30E0365F251E6D1D00ECD58A /* Constants.swift */ = {isa = PBXFileReference; lastKnownFileType = sourcecode.swift; path = Constants.swift; sourceTree = "<group>"; };
		30E03664251E6F5A00ECD58A /* Utilities.swift */ = {isa = PBXFileReference; lastKnownFileType = sourcecode.swift; path = Utilities.swift; sourceTree = "<group>"; };
		30E0367B251E717100ECD58A /* OurLogoAndInfo.swift */ = {isa = PBXFileReference; lastKnownFileType = sourcecode.swift; path = OurLogoAndInfo.swift; sourceTree = "<group>"; };
		30E03683251E720000ECD58A /* OurLogoAndInfo.xib */ = {isa = PBXFileReference; fileEncoding = 4; lastKnownFileType = file.xib; path = OurLogoAndInfo.xib; sourceTree = "<group>"; };
		30E03688251E722900ECD58A /* LoginViewController.swift */ = {isa = PBXFileReference; lastKnownFileType = sourcecode.swift; path = LoginViewController.swift; sourceTree = "<group>"; };
		30E0368D251E729200ECD58A /* SettingsViewController.swift */ = {isa = PBXFileReference; fileEncoding = 4; lastKnownFileType = sourcecode.swift; path = SettingsViewController.swift; sourceTree = "<group>"; };
		30E0368E251E729200ECD58A /* CheckInViewController.swift */ = {isa = PBXFileReference; fileEncoding = 4; lastKnownFileType = sourcecode.swift; path = CheckInViewController.swift; sourceTree = "<group>"; };
		30E0368F251E729200ECD58A /* RecordsViewController.swift */ = {isa = PBXFileReference; fileEncoding = 4; lastKnownFileType = sourcecode.swift; path = RecordsViewController.swift; sourceTree = "<group>"; };
		30E03690251E729200ECD58A /* BusinessFileViewController.swift */ = {isa = PBXFileReference; fileEncoding = 4; lastKnownFileType = sourcecode.swift; path = BusinessFileViewController.swift; sourceTree = "<group>"; };
		30E178F825C595C70086DD47 /* DelegateNavigationController.swift */ = {isa = PBXFileReference; lastKnownFileType = sourcecode.swift; path = DelegateNavigationController.swift; sourceTree = "<group>"; };
		40DE79046738C52070B9C64B /* Pods-OnTime-OnTimeUITests.release.xcconfig */ = {isa = PBXFileReference; includeInIndex = 1; lastKnownFileType = text.xcconfig; name = "Pods-OnTime-OnTimeUITests.release.xcconfig"; path = "Target Support Files/Pods-OnTime-OnTimeUITests/Pods-OnTime-OnTimeUITests.release.xcconfig"; sourceTree = "<group>"; };
		4399BAB563CCB3B72EC25412 /* Pods_OnTime_OnTimeUITests.framework */ = {isa = PBXFileReference; explicitFileType = wrapper.framework; includeInIndex = 0; path = Pods_OnTime_OnTimeUITests.framework; sourceTree = BUILT_PRODUCTS_DIR; };
		5373C345F1D8D4A7259198E8 /* Pods-OnTimeTests.debug.xcconfig */ = {isa = PBXFileReference; includeInIndex = 1; lastKnownFileType = text.xcconfig; name = "Pods-OnTimeTests.debug.xcconfig"; path = "Target Support Files/Pods-OnTimeTests/Pods-OnTimeTests.debug.xcconfig"; sourceTree = "<group>"; };
		60517A18538E4F8A3B6F23EF /* Pods_OnTimeTests.framework */ = {isa = PBXFileReference; explicitFileType = wrapper.framework; includeInIndex = 0; path = Pods_OnTimeTests.framework; sourceTree = BUILT_PRODUCTS_DIR; };
		74C1EF9DB9AB5EB020DC2E64 /* Pods-OnTime.debug.xcconfig */ = {isa = PBXFileReference; includeInIndex = 1; lastKnownFileType = text.xcconfig; name = "Pods-OnTime.debug.xcconfig"; path = "Target Support Files/Pods-OnTime/Pods-OnTime.debug.xcconfig"; sourceTree = "<group>"; };
		B733850B106A6958304AB4C1 /* Pods-OnTime.release.xcconfig */ = {isa = PBXFileReference; includeInIndex = 1; lastKnownFileType = text.xcconfig; name = "Pods-OnTime.release.xcconfig"; path = "Target Support Files/Pods-OnTime/Pods-OnTime.release.xcconfig"; sourceTree = "<group>"; };
		D3F4630E34322B9B88827319 /* Pods-OnTimeTests.release.xcconfig */ = {isa = PBXFileReference; includeInIndex = 1; lastKnownFileType = text.xcconfig; name = "Pods-OnTimeTests.release.xcconfig"; path = "Target Support Files/Pods-OnTimeTests/Pods-OnTimeTests.release.xcconfig"; sourceTree = "<group>"; };
		ED56D402955C0247770B35BE /* Pods-OnTime-OnTimeUITests.debug.xcconfig */ = {isa = PBXFileReference; includeInIndex = 1; lastKnownFileType = text.xcconfig; name = "Pods-OnTime-OnTimeUITests.debug.xcconfig"; path = "Target Support Files/Pods-OnTime-OnTimeUITests/Pods-OnTime-OnTimeUITests.debug.xcconfig"; sourceTree = "<group>"; };
/* End PBXFileReference section */

/* Begin PBXFrameworksBuildPhase section */
		30875B91251E61B3001C0F9E /* Frameworks */ = {
			isa = PBXFrameworksBuildPhase;
			buildActionMask = 2147483647;
			files = (
				30E03639251E62CB00ECD58A /* libsqlite3.tbd in Frameworks */,
				E0D9A478D1EF01687247CA3E /* Pods_OnTime.framework in Frameworks */,
			);
			runOnlyForDeploymentPostprocessing = 0;
		};
		30875BA7251E61B6001C0F9E /* Frameworks */ = {
			isa = PBXFrameworksBuildPhase;
			buildActionMask = 2147483647;
			files = (
				F9BE4F4126CD34346DF399EA /* Pods_OnTimeTests.framework in Frameworks */,
			);
			runOnlyForDeploymentPostprocessing = 0;
		};
		30875BB2251E61B6001C0F9E /* Frameworks */ = {
			isa = PBXFrameworksBuildPhase;
			buildActionMask = 2147483647;
			files = (
				47D8E180A60AE7995BEEB012 /* Pods_OnTime_OnTimeUITests.framework in Frameworks */,
			);
			runOnlyForDeploymentPostprocessing = 0;
		};
/* End PBXFrameworksBuildPhase section */

/* Begin PBXGroup section */
		1C15F5513F7DE13081F126D2 /* Pods */ = {
			isa = PBXGroup;
			children = (
				74C1EF9DB9AB5EB020DC2E64 /* Pods-OnTime.debug.xcconfig */,
				B733850B106A6958304AB4C1 /* Pods-OnTime.release.xcconfig */,
				ED56D402955C0247770B35BE /* Pods-OnTime-OnTimeUITests.debug.xcconfig */,
				40DE79046738C52070B9C64B /* Pods-OnTime-OnTimeUITests.release.xcconfig */,
				5373C345F1D8D4A7259198E8 /* Pods-OnTimeTests.debug.xcconfig */,
				D3F4630E34322B9B88827319 /* Pods-OnTimeTests.release.xcconfig */,
			);
			path = Pods;
			sourceTree = "<group>";
		};
		30875B8B251E61B3001C0F9E = {
			isa = PBXGroup;
			children = (
				30875B96251E61B3001C0F9E /* OnTime */,
				30875BAD251E61B6001C0F9E /* OnTimeTests */,
				30875BB8251E61B6001C0F9E /* OnTimeUITests */,
				30875B95251E61B3001C0F9E /* Products */,
				1C15F5513F7DE13081F126D2 /* Pods */,
				F17BEEF6CA28EB66D3824E9B /* Frameworks */,
			);
			sourceTree = "<group>";
		};
		30875B95251E61B3001C0F9E /* Products */ = {
			isa = PBXGroup;
			children = (
				30875B94251E61B3001C0F9E /* OnTime.app */,
				30875BAA251E61B6001C0F9E /* OnTimeTests.xctest */,
				30875BB5251E61B6001C0F9E /* OnTimeUITests.xctest */,
			);
			name = Products;
			sourceTree = "<group>";
		};
		30875B96251E61B3001C0F9E /* OnTime */ = {
			isa = PBXGroup;
			children = (
				30875B9D251E61B3001C0F9E /* Main.storyboard */,
				30E03642251E643400ECD58A /* Helpers */,
				30E03641251E642A00ECD58A /* Supporting Files */,
				30E03640251E640C00ECD58A /* Service */,
				30E0363F251E63EC00ECD58A /* Controller */,
				30E0363E251E63E700ECD58A /* View */,
				30E0363D251E63D000ECD58A /* Model */,
				30875B97251E61B3001C0F9E /* AppDelegate.swift */,
				30875B99251E61B3001C0F9E /* SceneDelegate.swift */,
				30875BA0251E61B5001C0F9E /* Assets.xcassets */,
				30875BA2251E61B5001C0F9E /* LaunchScreen.storyboard */,
				30875BA5251E61B5001C0F9E /* Info.plist */,
			);
			path = OnTime;
			sourceTree = "<group>";
		};
		30875BAD251E61B6001C0F9E /* OnTimeTests */ = {
			isa = PBXGroup;
			children = (
				30875BAE251E61B6001C0F9E /* OnTimeTests.swift */,
				30875BB0251E61B6001C0F9E /* Info.plist */,
			);
			path = OnTimeTests;
			sourceTree = "<group>";
		};
		30875BB8251E61B6001C0F9E /* OnTimeUITests */ = {
			isa = PBXGroup;
			children = (
				30875BB9251E61B6001C0F9E /* OnTimeUITests.swift */,
				30875BBB251E61B6001C0F9E /* Info.plist */,
			);
			path = OnTimeUITests;
			sourceTree = "<group>";
		};
		30E0363D251E63D000ECD58A /* Model */ = {
			isa = PBXGroup;
			children = (
				30E0364B251E6BEE00ECD58A /* CheckInInfo.swift */,
			);
			path = Model;
			sourceTree = "<group>";
		};
		30E0363E251E63E700ECD58A /* View */ = {
			isa = PBXGroup;
			children = (
				30E03683251E720000ECD58A /* OurLogoAndInfo.xib */,
				30E0367B251E717100ECD58A /* OurLogoAndInfo.swift */,
				302454492557D4A50022294E /* ColorlessButton.swift */,
				30D4CEAB25AF4D750059D5F7 /* LoginTextField.swift */,
				30E178F825C595C70086DD47 /* DelegateNavigationController.swift */,
			);
			path = View;
			sourceTree = "<group>";
		};
		30E0363F251E63EC00ECD58A /* Controller */ = {
			isa = PBXGroup;
			children = (
				30E03688251E722900ECD58A /* LoginViewController.swift */,
				30E03690251E729200ECD58A /* BusinessFileViewController.swift */,
				30E0368E251E729200ECD58A /* CheckInViewController.swift */,
				30E0368F251E729200ECD58A /* RecordsViewController.swift */,
				30E0368D251E729200ECD58A /* SettingsViewController.swift */,
			);
			path = Controller;
			sourceTree = "<group>";
		};
		30E03640251E640C00ECD58A /* Service */ = {
			isa = PBXGroup;
			children = (
				30E03650251E6CAB00ECD58A /* FilesListService.swift */,
				30E03655251E6CCF00ECD58A /* LoginService.swift */,
				30E0365A251E6CDF00ECD58A /* CheckInService.swift */,
			);
			path = Service;
			sourceTree = "<group>";
		};
		30E03641251E642A00ECD58A /* Supporting Files */ = {
			isa = PBXGroup;
			children = (
				3039C6A425C0A041005BA59E /* Olivs-Info.plist */,
				30E0365F251E6D1D00ECD58A /* Constants.swift */,
				30E03664251E6F5A00ECD58A /* Utilities.swift */,
			);
			path = "Supporting Files";
			sourceTree = "<group>";
		};
		30E03642251E643400ECD58A /* Helpers */ = {
			isa = PBXGroup;
			children = (
				30E03643251E6BB200ECD58A /* SQLHelper.swift */,
			);
			path = Helpers;
			sourceTree = "<group>";
		};
		F17BEEF6CA28EB66D3824E9B /* Frameworks */ = {
			isa = PBXGroup;
			children = (
				30E03638251E62BE00ECD58A /* libsqlite3.tbd */,
				1D836BB14C279734DABF9170 /* Pods_OnTime.framework */,
				4399BAB563CCB3B72EC25412 /* Pods_OnTime_OnTimeUITests.framework */,
				60517A18538E4F8A3B6F23EF /* Pods_OnTimeTests.framework */,
			);
			name = Frameworks;
			sourceTree = "<group>";
		};
/* End PBXGroup section */

/* Begin PBXNativeTarget section */
		30875B93251E61B3001C0F9E /* OnTime */ = {
			isa = PBXNativeTarget;
			buildConfigurationList = 30875BBE251E61B6001C0F9E /* Build configuration list for PBXNativeTarget "OnTime" */;
			buildPhases = (
				F6C7DC7EF5B46F50E9D9DE76 /* [CP] Check Pods Manifest.lock */,
				30875B90251E61B3001C0F9E /* Sources */,
				30875B91251E61B3001C0F9E /* Frameworks */,
				30875B92251E61B3001C0F9E /* Resources */,
				AD925CD584E3B2E569D467BE /* [CP] Embed Pods Frameworks */,
			);
			buildRules = (
			);
			dependencies = (
			);
			name = OnTime;
			productName = OnTime;
			productReference = 30875B94251E61B3001C0F9E /* OnTime.app */;
			productType = "com.apple.product-type.application";
		};
		30875BA9251E61B6001C0F9E /* OnTimeTests */ = {
			isa = PBXNativeTarget;
			buildConfigurationList = 30875BC1251E61B6001C0F9E /* Build configuration list for PBXNativeTarget "OnTimeTests" */;
			buildPhases = (
				9895220B69B68B6E5E3A120B /* [CP] Check Pods Manifest.lock */,
				30875BA6251E61B6001C0F9E /* Sources */,
				30875BA7251E61B6001C0F9E /* Frameworks */,
				30875BA8251E61B6001C0F9E /* Resources */,
			);
			buildRules = (
			);
			dependencies = (
				30875BAC251E61B6001C0F9E /* PBXTargetDependency */,
			);
			name = OnTimeTests;
			productName = OnTimeTests;
			productReference = 30875BAA251E61B6001C0F9E /* OnTimeTests.xctest */;
			productType = "com.apple.product-type.bundle.unit-test";
		};
		30875BB4251E61B6001C0F9E /* OnTimeUITests */ = {
			isa = PBXNativeTarget;
			buildConfigurationList = 30875BC4251E61B6001C0F9E /* Build configuration list for PBXNativeTarget "OnTimeUITests" */;
			buildPhases = (
				02A4C5F00117783389B7FE0C /* [CP] Check Pods Manifest.lock */,
				30875BB1251E61B6001C0F9E /* Sources */,
				30875BB2251E61B6001C0F9E /* Frameworks */,
				30875BB3251E61B6001C0F9E /* Resources */,
				ED8698FF99353799D80DE558 /* [CP] Embed Pods Frameworks */,
			);
			buildRules = (
			);
			dependencies = (
				30875BB7251E61B6001C0F9E /* PBXTargetDependency */,
			);
			name = OnTimeUITests;
			productName = OnTimeUITests;
			productReference = 30875BB5251E61B6001C0F9E /* OnTimeUITests.xctest */;
			productType = "com.apple.product-type.bundle.ui-testing";
		};
/* End PBXNativeTarget section */

/* Begin PBXProject section */
		30875B8C251E61B3001C0F9E /* Project object */ = {
			isa = PBXProject;
			attributes = {
				LastSwiftUpdateCheck = 1200;
				LastUpgradeCheck = 1240;
				TargetAttributes = {
					30875B93251E61B3001C0F9E = {
						CreatedOnToolsVersion = 12.0.1;
					};
					30875BA9251E61B6001C0F9E = {
						CreatedOnToolsVersion = 12.0.1;
						TestTargetID = 30875B93251E61B3001C0F9E;
					};
					30875BB4251E61B6001C0F9E = {
						CreatedOnToolsVersion = 12.0.1;
						TestTargetID = 30875B93251E61B3001C0F9E;
					};
				};
			};
			buildConfigurationList = 30875B8F251E61B3001C0F9E /* Build configuration list for PBXProject "OnTime" */;
			compatibilityVersion = "Xcode 9.3";
			developmentRegion = en;
			hasScannedForEncodings = 0;
			knownRegions = (
				en,
				Base,
			);
			mainGroup = 30875B8B251E61B3001C0F9E;
			productRefGroup = 30875B95251E61B3001C0F9E /* Products */;
			projectDirPath = "";
			projectRoot = "";
			targets = (
				30875B93251E61B3001C0F9E /* OnTime */,
				30875BA9251E61B6001C0F9E /* OnTimeTests */,
				30875BB4251E61B6001C0F9E /* OnTimeUITests */,
			);
		};
/* End PBXProject section */

/* Begin PBXResourcesBuildPhase section */
		30875B92251E61B3001C0F9E /* Resources */ = {
			isa = PBXResourcesBuildPhase;
			buildActionMask = 2147483647;
			files = (
				3039C6A525C0A041005BA59E /* Olivs-Info.plist in Resources */,
				30875BA4251E61B5001C0F9E /* LaunchScreen.storyboard in Resources */,
				30E03684251E720000ECD58A /* OurLogoAndInfo.xib in Resources */,
				30875BA1251E61B5001C0F9E /* Assets.xcassets in Resources */,
				30875B9F251E61B3001C0F9E /* Main.storyboard in Resources */,
			);
			runOnlyForDeploymentPostprocessing = 0;
		};
		30875BA8251E61B6001C0F9E /* Resources */ = {
			isa = PBXResourcesBuildPhase;
			buildActionMask = 2147483647;
			files = (
			);
			runOnlyForDeploymentPostprocessing = 0;
		};
		30875BB3251E61B6001C0F9E /* Resources */ = {
			isa = PBXResourcesBuildPhase;
			buildActionMask = 2147483647;
			files = (
			);
			runOnlyForDeploymentPostprocessing = 0;
		};
/* End PBXResourcesBuildPhase section */

/* Begin PBXShellScriptBuildPhase section */
		02A4C5F00117783389B7FE0C /* [CP] Check Pods Manifest.lock */ = {
			isa = PBXShellScriptBuildPhase;
			buildActionMask = 2147483647;
			files = (
			);
			inputFileListPaths = (
			);
			inputPaths = (
				"${PODS_PODFILE_DIR_PATH}/Podfile.lock",
				"${PODS_ROOT}/Manifest.lock",
			);
			name = "[CP] Check Pods Manifest.lock";
			outputFileListPaths = (
			);
			outputPaths = (
				"$(DERIVED_FILE_DIR)/Pods-OnTime-OnTimeUITests-checkManifestLockResult.txt",
			);
			runOnlyForDeploymentPostprocessing = 0;
			shellPath = /bin/sh;
			shellScript = "diff \"${PODS_PODFILE_DIR_PATH}/Podfile.lock\" \"${PODS_ROOT}/Manifest.lock\" > /dev/null\nif [ $? != 0 ] ; then\n    # print error to STDERR\n    echo \"error: The sandbox is not in sync with the Podfile.lock. Run 'pod install' or update your CocoaPods installation.\" >&2\n    exit 1\nfi\n# This output is used by Xcode 'outputs' to avoid re-running this script phase.\necho \"SUCCESS\" > \"${SCRIPT_OUTPUT_FILE_0}\"\n";
			showEnvVarsInLog = 0;
		};
		9895220B69B68B6E5E3A120B /* [CP] Check Pods Manifest.lock */ = {
			isa = PBXShellScriptBuildPhase;
			buildActionMask = 2147483647;
			files = (
			);
			inputFileListPaths = (
			);
			inputPaths = (
				"${PODS_PODFILE_DIR_PATH}/Podfile.lock",
				"${PODS_ROOT}/Manifest.lock",
			);
			name = "[CP] Check Pods Manifest.lock";
			outputFileListPaths = (
			);
			outputPaths = (
				"$(DERIVED_FILE_DIR)/Pods-OnTimeTests-checkManifestLockResult.txt",
			);
			runOnlyForDeploymentPostprocessing = 0;
			shellPath = /bin/sh;
			shellScript = "diff \"${PODS_PODFILE_DIR_PATH}/Podfile.lock\" \"${PODS_ROOT}/Manifest.lock\" > /dev/null\nif [ $? != 0 ] ; then\n    # print error to STDERR\n    echo \"error: The sandbox is not in sync with the Podfile.lock. Run 'pod install' or update your CocoaPods installation.\" >&2\n    exit 1\nfi\n# This output is used by Xcode 'outputs' to avoid re-running this script phase.\necho \"SUCCESS\" > \"${SCRIPT_OUTPUT_FILE_0}\"\n";
			showEnvVarsInLog = 0;
		};
		AD925CD584E3B2E569D467BE /* [CP] Embed Pods Frameworks */ = {
			isa = PBXShellScriptBuildPhase;
			buildActionMask = 2147483647;
			files = (
			);
			inputFileListPaths = (
				"${PODS_ROOT}/Target Support Files/Pods-OnTime/Pods-OnTime-frameworks-${CONFIGURATION}-input-files.xcfilelist",
			);
			name = "[CP] Embed Pods Frameworks";
			outputFileListPaths = (
				"${PODS_ROOT}/Target Support Files/Pods-OnTime/Pods-OnTime-frameworks-${CONFIGURATION}-output-files.xcfilelist",
			);
			runOnlyForDeploymentPostprocessing = 0;
			shellPath = /bin/sh;
			shellScript = "\"${PODS_ROOT}/Target Support Files/Pods-OnTime/Pods-OnTime-frameworks.sh\"\n";
			showEnvVarsInLog = 0;
		};
		ED8698FF99353799D80DE558 /* [CP] Embed Pods Frameworks */ = {
			isa = PBXShellScriptBuildPhase;
			buildActionMask = 2147483647;
			files = (
			);
			inputFileListPaths = (
				"${PODS_ROOT}/Target Support Files/Pods-OnTime-OnTimeUITests/Pods-OnTime-OnTimeUITests-frameworks-${CONFIGURATION}-input-files.xcfilelist",
			);
			name = "[CP] Embed Pods Frameworks";
			outputFileListPaths = (
				"${PODS_ROOT}/Target Support Files/Pods-OnTime-OnTimeUITests/Pods-OnTime-OnTimeUITests-frameworks-${CONFIGURATION}-output-files.xcfilelist",
			);
			runOnlyForDeploymentPostprocessing = 0;
			shellPath = /bin/sh;
			shellScript = "\"${PODS_ROOT}/Target Support Files/Pods-OnTime-OnTimeUITests/Pods-OnTime-OnTimeUITests-frameworks.sh\"\n";
			showEnvVarsInLog = 0;
		};
		F6C7DC7EF5B46F50E9D9DE76 /* [CP] Check Pods Manifest.lock */ = {
			isa = PBXShellScriptBuildPhase;
			buildActionMask = 2147483647;
			files = (
			);
			inputFileListPaths = (
			);
			inputPaths = (
				"${PODS_PODFILE_DIR_PATH}/Podfile.lock",
				"${PODS_ROOT}/Manifest.lock",
			);
			name = "[CP] Check Pods Manifest.lock";
			outputFileListPaths = (
			);
			outputPaths = (
				"$(DERIVED_FILE_DIR)/Pods-OnTime-checkManifestLockResult.txt",
			);
			runOnlyForDeploymentPostprocessing = 0;
			shellPath = /bin/sh;
			shellScript = "diff \"${PODS_PODFILE_DIR_PATH}/Podfile.lock\" \"${PODS_ROOT}/Manifest.lock\" > /dev/null\nif [ $? != 0 ] ; then\n    # print error to STDERR\n    echo \"error: The sandbox is not in sync with the Podfile.lock. Run 'pod install' or update your CocoaPods installation.\" >&2\n    exit 1\nfi\n# This output is used by Xcode 'outputs' to avoid re-running this script phase.\necho \"SUCCESS\" > \"${SCRIPT_OUTPUT_FILE_0}\"\n";
			showEnvVarsInLog = 0;
		};
/* End PBXShellScriptBuildPhase section */

/* Begin PBXSourcesBuildPhase section */
		30875B90251E61B3001C0F9E /* Sources */ = {
			isa = PBXSourcesBuildPhase;
			buildActionMask = 2147483647;
			files = (
				30E03689251E722900ECD58A /* LoginViewController.swift in Sources */,
				30E0367C251E717100ECD58A /* OurLogoAndInfo.swift in Sources */,
				30E0364C251E6BEE00ECD58A /* CheckInInfo.swift in Sources */,
				30875B98251E61B3001C0F9E /* AppDelegate.swift in Sources */,
				30E03651251E6CAB00ECD58A /* FilesListService.swift in Sources */,
				30E03644251E6BB200ECD58A /* SQLHelper.swift in Sources */,
				30D4CEAC25AF4D750059D5F7 /* LoginTextField.swift in Sources */,
				30E03692251E729200ECD58A /* CheckInViewController.swift in Sources */,
				30E0365B251E6CDF00ECD58A /* CheckInService.swift in Sources */,
				3024544A2557D4A60022294E /* ColorlessButton.swift in Sources */,
				30875B9A251E61B3001C0F9E /* SceneDelegate.swift in Sources */,
				30E03656251E6CCF00ECD58A /* LoginService.swift in Sources */,
				30E03665251E6F5A00ECD58A /* Utilities.swift in Sources */,
				30E03691251E729200ECD58A /* SettingsViewController.swift in Sources */,
				30E03694251E729200ECD58A /* BusinessFileViewController.swift in Sources */,
				30E03660251E6D1E00ECD58A /* Constants.swift in Sources */,
				30E178F925C595C70086DD47 /* DelegateNavigationController.swift in Sources */,
				30E03693251E729200ECD58A /* RecordsViewController.swift in Sources */,
			);
			runOnlyForDeploymentPostprocessing = 0;
		};
		30875BA6251E61B6001C0F9E /* Sources */ = {
			isa = PBXSourcesBuildPhase;
			buildActionMask = 2147483647;
			files = (
				30875BAF251E61B6001C0F9E /* OnTimeTests.swift in Sources */,
			);
			runOnlyForDeploymentPostprocessing = 0;
		};
		30875BB1251E61B6001C0F9E /* Sources */ = {
			isa = PBXSourcesBuildPhase;
			buildActionMask = 2147483647;
			files = (
				30875BBA251E61B6001C0F9E /* OnTimeUITests.swift in Sources */,
			);
			runOnlyForDeploymentPostprocessing = 0;
		};
/* End PBXSourcesBuildPhase section */

/* Begin PBXTargetDependency section */
		30875BAC251E61B6001C0F9E /* PBXTargetDependency */ = {
			isa = PBXTargetDependency;
			target = 30875B93251E61B3001C0F9E /* OnTime */;
			targetProxy = 30875BAB251E61B6001C0F9E /* PBXContainerItemProxy */;
		};
		30875BB7251E61B6001C0F9E /* PBXTargetDependency */ = {
			isa = PBXTargetDependency;
			target = 30875B93251E61B3001C0F9E /* OnTime */;
			targetProxy = 30875BB6251E61B6001C0F9E /* PBXContainerItemProxy */;
		};
/* End PBXTargetDependency section */

/* Begin PBXVariantGroup section */
		30875B9D251E61B3001C0F9E /* Main.storyboard */ = {
			isa = PBXVariantGroup;
			children = (
				30875B9E251E61B3001C0F9E /* Base */,
			);
			name = Main.storyboard;
			sourceTree = "<group>";
		};
		30875BA2251E61B5001C0F9E /* LaunchScreen.storyboard */ = {
			isa = PBXVariantGroup;
			children = (
				30875BA3251E61B5001C0F9E /* Base */,
			);
			name = LaunchScreen.storyboard;
			sourceTree = "<group>";
		};
/* End PBXVariantGroup section */

/* Begin XCBuildConfiguration section */
		30875BBC251E61B6001C0F9E /* Debug */ = {
			isa = XCBuildConfiguration;
			buildSettings = {
				ALWAYS_SEARCH_USER_PATHS = NO;
				CLANG_ANALYZER_NONNULL = YES;
				CLANG_ANALYZER_NUMBER_OBJECT_CONVERSION = YES_AGGRESSIVE;
				CLANG_CXX_LANGUAGE_STANDARD = "gnu++14";
				CLANG_CXX_LIBRARY = "libc++";
				CLANG_ENABLE_MODULES = YES;
				CLANG_ENABLE_OBJC_ARC = YES;
				CLANG_ENABLE_OBJC_WEAK = YES;
				CLANG_WARN_BLOCK_CAPTURE_AUTORELEASING = YES;
				CLANG_WARN_BOOL_CONVERSION = YES;
				CLANG_WARN_COMMA = YES;
				CLANG_WARN_CONSTANT_CONVERSION = YES;
				CLANG_WARN_DEPRECATED_OBJC_IMPLEMENTATIONS = YES;
				CLANG_WARN_DIRECT_OBJC_ISA_USAGE = YES_ERROR;
				CLANG_WARN_DOCUMENTATION_COMMENTS = YES;
				CLANG_WARN_EMPTY_BODY = YES;
				CLANG_WARN_ENUM_CONVERSION = YES;
				CLANG_WARN_INFINITE_RECURSION = YES;
				CLANG_WARN_INT_CONVERSION = YES;
				CLANG_WARN_NON_LITERAL_NULL_CONVERSION = YES;
				CLANG_WARN_OBJC_IMPLICIT_RETAIN_SELF = YES;
				CLANG_WARN_OBJC_LITERAL_CONVERSION = YES;
				CLANG_WARN_OBJC_ROOT_CLASS = YES_ERROR;
				CLANG_WARN_QUOTED_INCLUDE_IN_FRAMEWORK_HEADER = YES;
				CLANG_WARN_RANGE_LOOP_ANALYSIS = YES;
				CLANG_WARN_STRICT_PROTOTYPES = YES;
				CLANG_WARN_SUSPICIOUS_MOVE = YES;
				CLANG_WARN_UNGUARDED_AVAILABILITY = YES_AGGRESSIVE;
				CLANG_WARN_UNREACHABLE_CODE = YES;
				CLANG_WARN__DUPLICATE_METHOD_MATCH = YES;
				COPY_PHASE_STRIP = NO;
				DEBUG_INFORMATION_FORMAT = dwarf;
				ENABLE_STRICT_OBJC_MSGSEND = YES;
				ENABLE_TESTABILITY = YES;
				GCC_C_LANGUAGE_STANDARD = gnu11;
				GCC_DYNAMIC_NO_PIC = NO;
				GCC_NO_COMMON_BLOCKS = YES;
				GCC_OPTIMIZATION_LEVEL = 0;
				GCC_PREPROCESSOR_DEFINITIONS = (
					"DEBUG=1",
					"$(inherited)",
				);
				GCC_WARN_64_TO_32_BIT_CONVERSION = YES;
				GCC_WARN_ABOUT_RETURN_TYPE = YES_ERROR;
				GCC_WARN_UNDECLARED_SELECTOR = YES;
				GCC_WARN_UNINITIALIZED_AUTOS = YES_AGGRESSIVE;
				GCC_WARN_UNUSED_FUNCTION = YES;
				GCC_WARN_UNUSED_VARIABLE = YES;
				IPHONEOS_DEPLOYMENT_TARGET = 10.0;
				MTL_ENABLE_DEBUG_INFO = INCLUDE_SOURCE;
				MTL_FAST_MATH = YES;
				ONLY_ACTIVE_ARCH = YES;
				SDKROOT = iphoneos;
				SWIFT_ACTIVE_COMPILATION_CONDITIONS = DEBUG;
				SWIFT_OPTIMIZATION_LEVEL = "-Onone";
			};
			name = Debug;
		};
		30875BBD251E61B6001C0F9E /* Release */ = {
			isa = XCBuildConfiguration;
			buildSettings = {
				ALWAYS_SEARCH_USER_PATHS = NO;
				CLANG_ANALYZER_NONNULL = YES;
				CLANG_ANALYZER_NUMBER_OBJECT_CONVERSION = YES_AGGRESSIVE;
				CLANG_CXX_LANGUAGE_STANDARD = "gnu++14";
				CLANG_CXX_LIBRARY = "libc++";
				CLANG_ENABLE_MODULES = YES;
				CLANG_ENABLE_OBJC_ARC = YES;
				CLANG_ENABLE_OBJC_WEAK = YES;
				CLANG_WARN_BLOCK_CAPTURE_AUTORELEASING = YES;
				CLANG_WARN_BOOL_CONVERSION = YES;
				CLANG_WARN_COMMA = YES;
				CLANG_WARN_CONSTANT_CONVERSION = YES;
				CLANG_WARN_DEPRECATED_OBJC_IMPLEMENTATIONS = YES;
				CLANG_WARN_DIRECT_OBJC_ISA_USAGE = YES_ERROR;
				CLANG_WARN_DOCUMENTATION_COMMENTS = YES;
				CLANG_WARN_EMPTY_BODY = YES;
				CLANG_WARN_ENUM_CONVERSION = YES;
				CLANG_WARN_INFINITE_RECURSION = YES;
				CLANG_WARN_INT_CONVERSION = YES;
				CLANG_WARN_NON_LITERAL_NULL_CONVERSION = YES;
				CLANG_WARN_OBJC_IMPLICIT_RETAIN_SELF = YES;
				CLANG_WARN_OBJC_LITERAL_CONVERSION = YES;
				CLANG_WARN_OBJC_ROOT_CLASS = YES_ERROR;
				CLANG_WARN_QUOTED_INCLUDE_IN_FRAMEWORK_HEADER = YES;
				CLANG_WARN_RANGE_LOOP_ANALYSIS = YES;
				CLANG_WARN_STRICT_PROTOTYPES = YES;
				CLANG_WARN_SUSPICIOUS_MOVE = YES;
				CLANG_WARN_UNGUARDED_AVAILABILITY = YES_AGGRESSIVE;
				CLANG_WARN_UNREACHABLE_CODE = YES;
				CLANG_WARN__DUPLICATE_METHOD_MATCH = YES;
				COPY_PHASE_STRIP = NO;
				DEBUG_INFORMATION_FORMAT = "dwarf-with-dsym";
				ENABLE_NS_ASSERTIONS = NO;
				ENABLE_STRICT_OBJC_MSGSEND = YES;
				GCC_C_LANGUAGE_STANDARD = gnu11;
				GCC_NO_COMMON_BLOCKS = YES;
				GCC_WARN_64_TO_32_BIT_CONVERSION = YES;
				GCC_WARN_ABOUT_RETURN_TYPE = YES_ERROR;
				GCC_WARN_UNDECLARED_SELECTOR = YES;
				GCC_WARN_UNINITIALIZED_AUTOS = YES_AGGRESSIVE;
				GCC_WARN_UNUSED_FUNCTION = YES;
				GCC_WARN_UNUSED_VARIABLE = YES;
				IPHONEOS_DEPLOYMENT_TARGET = 10.0;
				MTL_ENABLE_DEBUG_INFO = NO;
				MTL_FAST_MATH = YES;
				SDKROOT = iphoneos;
				SWIFT_COMPILATION_MODE = wholemodule;
				SWIFT_OPTIMIZATION_LEVEL = "-O";
				VALIDATE_PRODUCT = YES;
			};
			name = Release;
		};
		30875BBF251E61B6001C0F9E /* Debug */ = {
			isa = XCBuildConfiguration;
			baseConfigurationReference = 74C1EF9DB9AB5EB020DC2E64 /* Pods-OnTime.debug.xcconfig */;
			buildSettings = {
				ASSETCATALOG_COMPILER_APPICON_NAME = AppIcon;
				ASSETCATALOG_COMPILER_GLOBAL_ACCENT_COLOR_NAME = AccentColor;
				CODE_SIGN_ENTITLEMENTS = OnTime/OnTime.entitlements;
				CODE_SIGN_IDENTITY = "Apple Development";
				CODE_SIGN_STYLE = Automatic;
				CURRENT_PROJECT_VERSION = 1.2.1.3;
				DEVELOPMENT_TEAM = L5Q7CW5F4C;
				INFOPLIST_FILE = OnTime/Info.plist;
				LD_RUNPATH_SEARCH_PATHS = (
					"$(inherited)",
					"@executable_path/Frameworks",
				);
				PRODUCT_BUNDLE_IDENTIFIER = app.olivs.OnTime;
				PRODUCT_NAME = "$(TARGET_NAME)";
				PROVISIONING_PROFILE_SPECIFIER = "";
				SWIFT_VERSION = 5.0;
				TARGETED_DEVICE_FAMILY = "1,2";
			};
			name = Debug;
		};
		30875BC0251E61B6001C0F9E /* Release */ = {
			isa = XCBuildConfiguration;
			baseConfigurationReference = B733850B106A6958304AB4C1 /* Pods-OnTime.release.xcconfig */;
			buildSettings = {
				ASSETCATALOG_COMPILER_APPICON_NAME = AppIcon;
				ASSETCATALOG_COMPILER_GLOBAL_ACCENT_COLOR_NAME = AccentColor;
				CODE_SIGN_ENTITLEMENTS = OnTime/OnTime.entitlements;
				CODE_SIGN_IDENTITY = "Apple Development";
				CODE_SIGN_STYLE = Automatic;
				CURRENT_PROJECT_VERSION = 1.2.1.3;
				DEVELOPMENT_TEAM = L5Q7CW5F4C;
				INFOPLIST_FILE = OnTime/Info.plist;
				LD_RUNPATH_SEARCH_PATHS = (
					"$(inherited)",
					"@executable_path/Frameworks",
				);
				PRODUCT_BUNDLE_IDENTIFIER = app.olivs.OnTime;
				PRODUCT_NAME = "$(TARGET_NAME)";
				PROVISIONING_PROFILE_SPECIFIER = "";
				SWIFT_VERSION = 5.0;
				TARGETED_DEVICE_FAMILY = "1,2";
			};
			name = Release;
		};
		30875BC2251E61B6001C0F9E /* Debug */ = {
			isa = XCBuildConfiguration;
			baseConfigurationReference = 5373C345F1D8D4A7259198E8 /* Pods-OnTimeTests.debug.xcconfig */;
			buildSettings = {
				ALWAYS_EMBED_SWIFT_STANDARD_LIBRARIES = YES;
				BUNDLE_LOADER = "$(TEST_HOST)";
				CODE_SIGN_STYLE = Automatic;
				DEVELOPMENT_TEAM = L5Q7CW5F4C;
				INFOPLIST_FILE = OnTimeTests/Info.plist;
				IPHONEOS_DEPLOYMENT_TARGET = 14.0;
				LD_RUNPATH_SEARCH_PATHS = (
					"$(inherited)",
					"@executable_path/Frameworks",
					"@loader_path/Frameworks",
				);
				PRODUCT_BUNDLE_IDENTIFIER = app.olivs.OnTimeTests;
				PRODUCT_NAME = "$(TARGET_NAME)";
				SWIFT_VERSION = 5.0;
				TARGETED_DEVICE_FAMILY = "1,2";
				TEST_HOST = "$(BUILT_PRODUCTS_DIR)/OnTime.app/OnTime";
			};
			name = Debug;
		};
		30875BC3251E61B6001C0F9E /* Release */ = {
			isa = XCBuildConfiguration;
			baseConfigurationReference = D3F4630E34322B9B88827319 /* Pods-OnTimeTests.release.xcconfig */;
			buildSettings = {
				ALWAYS_EMBED_SWIFT_STANDARD_LIBRARIES = YES;
				BUNDLE_LOADER = "$(TEST_HOST)";
				CODE_SIGN_STYLE = Automatic;
				DEVELOPMENT_TEAM = L5Q7CW5F4C;
				INFOPLIST_FILE = OnTimeTests/Info.plist;
				IPHONEOS_DEPLOYMENT_TARGET = 14.0;
				LD_RUNPATH_SEARCH_PATHS = (
					"$(inherited)",
					"@executable_path/Frameworks",
					"@loader_path/Frameworks",
				);
				PRODUCT_BUNDLE_IDENTIFIER = app.olivs.OnTimeTests;
				PRODUCT_NAME = "$(TARGET_NAME)";
				SWIFT_VERSION = 5.0;
				TARGETED_DEVICE_FAMILY = "1,2";
				TEST_HOST = "$(BUILT_PRODUCTS_DIR)/OnTime.app/OnTime";
			};
			name = Release;
		};
		30875BC5251E61B6001C0F9E /* Debug */ = {
			isa = XCBuildConfiguration;
			baseConfigurationReference = ED56D402955C0247770B35BE /* Pods-OnTime-OnTimeUITests.debug.xcconfig */;
			buildSettings = {
				ALWAYS_EMBED_SWIFT_STANDARD_LIBRARIES = YES;
				CODE_SIGN_STYLE = Automatic;
				DEVELOPMENT_TEAM = L5Q7CW5F4C;
				INFOPLIST_FILE = OnTimeUITests/Info.plist;
				LD_RUNPATH_SEARCH_PATHS = (
					"$(inherited)",
					"@executable_path/Frameworks",
					"@loader_path/Frameworks",
				);
				PRODUCT_BUNDLE_IDENTIFIER = app.olivs.OnTimeUITests;
				PRODUCT_NAME = "$(TARGET_NAME)";
				SWIFT_VERSION = 5.0;
				TARGETED_DEVICE_FAMILY = "1,2";
				TEST_TARGET_NAME = OnTime;
			};
			name = Debug;
		};
		30875BC6251E61B6001C0F9E /* Release */ = {
			isa = XCBuildConfiguration;
			baseConfigurationReference = 40DE79046738C52070B9C64B /* Pods-OnTime-OnTimeUITests.release.xcconfig */;
			buildSettings = {
				ALWAYS_EMBED_SWIFT_STANDARD_LIBRARIES = YES;
				CODE_SIGN_STYLE = Automatic;
				DEVELOPMENT_TEAM = L5Q7CW5F4C;
				INFOPLIST_FILE = OnTimeUITests/Info.plist;
				LD_RUNPATH_SEARCH_PATHS = (
					"$(inherited)",
					"@executable_path/Frameworks",
					"@loader_path/Frameworks",
				);
				PRODUCT_BUNDLE_IDENTIFIER = app.olivs.OnTimeUITests;
				PRODUCT_NAME = "$(TARGET_NAME)";
				SWIFT_VERSION = 5.0;
				TARGETED_DEVICE_FAMILY = "1,2";
				TEST_TARGET_NAME = OnTime;
			};
			name = Release;
		};
/* End XCBuildConfiguration section */

/* Begin XCConfigurationList section */
		30875B8F251E61B3001C0F9E /* Build configuration list for PBXProject "OnTime" */ = {
			isa = XCConfigurationList;
			buildConfigurations = (
				30875BBC251E61B6001C0F9E /* Debug */,
				30875BBD251E61B6001C0F9E /* Release */,
			);
			defaultConfigurationIsVisible = 0;
			defaultConfigurationName = Release;
		};
		30875BBE251E61B6001C0F9E /* Build configuration list for PBXNativeTarget "OnTime" */ = {
			isa = XCConfigurationList;
			buildConfigurations = (
				30875BBF251E61B6001C0F9E /* Debug */,
				30875BC0251E61B6001C0F9E /* Release */,
			);
			defaultConfigurationIsVisible = 0;
			defaultConfigurationName = Release;
		};
		30875BC1251E61B6001C0F9E /* Build configuration list for PBXNativeTarget "OnTimeTests" */ = {
			isa = XCConfigurationList;
			buildConfigurations = (
				30875BC2251E61B6001C0F9E /* Debug */,
				30875BC3251E61B6001C0F9E /* Release */,
			);
			defaultConfigurationIsVisible = 0;
			defaultConfigurationName = Release;
		};
		30875BC4251E61B6001C0F9E /* Build configuration list for PBXNativeTarget "OnTimeUITests" */ = {
			isa = XCConfigurationList;
			buildConfigurations = (
				30875BC5251E61B6001C0F9E /* Debug */,
				30875BC6251E61B6001C0F9E /* Release */,
			);
			defaultConfigurationIsVisible = 0;
			defaultConfigurationName = Release;
		};
/* End XCConfigurationList section */
	};
	rootObject = 30875B8C251E61B3001C0F9E /* Project object */;
}
